
Microsoft Visual Studio Solution File, Format Version 12.00
# Visual Studio Version 16
VisualStudioVersion = 16.0.31702.278
MinimumVisualStudioVersion = 10.0.40219.1
Project("{FAE04EC0-301F-11D3-BF4B-00C04F79EFBC}") = "stack", "stack.csproj", "{5E103EE5-3820-4880-8CA8-68B2AAC5563B}"
EndProject
Global
	GlobalSection(SolutionConfigurationPlatforms) = preSolution
		Debug|Any CPU = Debug|Any CPU
		Release|Any CPU = Release|Any CPU
	EndGlobalSection
	GlobalSection(ProjectConfigurationPlatforms) = postSolution
		{5E103EE5-3820-4880-8CA8-68B2AAC5563B}.Debug|Any CPU.ActiveCfg = Debug|Any CPU
		{5E103EE5-3820-4880-8CA8-68B2AAC5563B}.Debug|Any CPU.Build.0 = Debug|Any CPU
		{5E103EE5-3820-4880-8CA8-68B2AAC5563B}.Release|Any CPU.ActiveCfg = Release|Any CPU
		{5E103EE5-3820-4880-8CA8-68B2AAC5563B}.Release|Any CPU.Build.0 = Release|Any CPU
	EndGlobalSection
	GlobalSection(SolutionProperties) = preSolution
		HideSolutionNode = FALSE
	EndGlobalSection
	GlobalSection(ExtensibilityGlobals) = postSolution
		SolutionGuid = {B1C09AC8-9BE7-4237-9F62-488DB6DE2B24}
	EndGlobalSection
EndGlobal
